
Microsoft Visual Studio Solution File, Format Version 12.00
# Visual Studio 2013
VisualStudioVersion = 12.0.31101.0
MinimumVisualStudioVersion = 10.0.40219.1
Project("{FAE04EC0-301F-11D3-BF4B-00C04F79EFBC}") = "Qvc", "Qvc\Qvc.csproj", "{63D89265-C275-47A2-BAC3-6A1EDDC6BD0B}"
EndProject
Project("{FAE04EC0-301F-11D3-BF4B-00C04F79EFBC}") = "Tests", "Tests\Tests.csproj", "{179DE312-C9F9-4A0B-B1C0-ACAB4165B545}"
EndProject
Project("{FAE04EC0-301F-11D3-BF4B-00C04F79EFBC}") = "ReflectionTests", "ReflectionTests\ReflectionTests.csproj", "{14BEA40A-82FF-4A79-9B31-47110A00A04F}"
EndProject
Global
	GlobalSection(SolutionConfigurationPlatforms) = preSolution
		Debug|Any CPU = Debug|Any CPU
		Release|Any CPU = Release|Any CPU
	EndGlobalSection
	GlobalSection(ProjectConfigurationPlatforms) = postSolution
		{63D89265-C275-47A2-BAC3-6A1EDDC6BD0B}.Debug|Any CPU.ActiveCfg = Debug|Any CPU
		{63D89265-C275-47A2-BAC3-6A1EDDC6BD0B}.Debug|Any CPU.Build.0 = Debug|Any CPU
		{63D89265-C275-47A2-BAC3-6A1EDDC6BD0B}.Release|Any CPU.ActiveCfg = Release|Any CPU
		{63D89265-C275-47A2-BAC3-6A1EDDC6BD0B}.Release|Any CPU.Build.0 = Release|Any CPU
		{179DE312-C9F9-4A0B-B1C0-ACAB4165B545}.Debug|Any CPU.ActiveCfg = Debug|Any CPU
		{179DE312-C9F9-4A0B-B1C0-ACAB4165B545}.Debug|Any CPU.Build.0 = Debug|Any CPU
		{179DE312-C9F9-4A0B-B1C0-ACAB4165B545}.Release|Any CPU.ActiveCfg = Release|Any CPU
		{179DE312-C9F9-4A0B-B1C0-ACAB4165B545}.Release|Any CPU.Build.0 = Release|Any CPU
		{14BEA40A-82FF-4A79-9B31-47110A00A04F}.Debug|Any CPU.ActiveCfg = Debug|Any CPU
		{14BEA40A-82FF-4A79-9B31-47110A00A04F}.Debug|Any CPU.Build.0 = Debug|Any CPU
		{14BEA40A-82FF-4A79-9B31-47110A00A04F}.Release|Any CPU.ActiveCfg = Release|Any CPU
		{14BEA40A-82FF-4A79-9B31-47110A00A04F}.Release|Any CPU.Build.0 = Release|Any CPU
	EndGlobalSection
	GlobalSection(SolutionProperties) = preSolution
		HideSolutionNode = FALSE
	EndGlobalSection
EndGlobal
